
Microsoft Visual Studio Solution File, Format Version 12.00
# Visual Studio Version 16
VisualStudioVersion = 16.0.30104.148
MinimumVisualStudioVersion = 10.0.40219.1
Project("{FAE04EC0-301F-11D3-BF4B-00C04F79EFBC}") = "Kesanis.AspNet.Mvc.WebApp", "Kesanis.AspNet.Mvc.WebApp\Kesanis.AspNet.Mvc.WebApp.csproj", "{BEC39ADB-3B51-4DC6-B5C5-268FBB459216}"
EndProject
Global
	GlobalSection(SolutionConfigurationPlatforms) = preSolution
		Debug|Any CPU = Debug|Any CPU
		Release|Any CPU = Release|Any CPU
	EndGlobalSection
	GlobalSection(ProjectConfigurationPlatforms) = postSolution
		{BEC39ADB-3B51-4DC6-B5C5-268FBB459216}.Debug|Any CPU.ActiveCfg = Debug|Any CPU
		{BEC39ADB-3B51-4DC6-B5C5-268FBB459216}.Debug|Any CPU.Build.0 = Debug|Any CPU
		{BEC39ADB-3B51-4DC6-B5C5-268FBB459216}.Release|Any CPU.ActiveCfg = Release|Any CPU
		{BEC39ADB-3B51-4DC6-B5C5-268FBB459216}.Release|Any CPU.Build.0 = Release|Any CPU
	EndGlobalSection
	GlobalSection(SolutionProperties) = preSolution
		HideSolutionNode = FALSE
	EndGlobalSection
	GlobalSection(ExtensibilityGlobals) = postSolution
		SolutionGuid = {14CD8A21-34BC-4476-A84F-7DA4D16169B1}
	EndGlobalSection
EndGlobal
